// !$*UTF8*$!
{
	archiveVersion = 1;
	classes = {
	};
	objectVersion = 50;
	objects = {

/* Begin PBXBuildFile section */
		41834822224BED8300948EE7 /* AppDelegate.swift in Sources */ = {isa = PBXBuildFile; fileRef = 41834821224BED8300948EE7 /* AppDelegate.swift */; };
		41834824224BED8300948EE7 /* ViewController.swift in Sources */ = {isa = PBXBuildFile; fileRef = 41834823224BED8300948EE7 /* ViewController.swift */; };
		41834827224BED8300948EE7 /* Main.storyboard in Resources */ = {isa = PBXBuildFile; fileRef = 41834825224BED8300948EE7 /* Main.storyboard */; };
		41834829224BED8600948EE7 /* Assets.xcassets in Resources */ = {isa = PBXBuildFile; fileRef = 41834828224BED8600948EE7 /* Assets.xcassets */; };
		4183482C224BED8600948EE7 /* LaunchScreen.storyboard in Resources */ = {isa = PBXBuildFile; fileRef = 4183482A224BED8600948EE7 /* LaunchScreen.storyboard */; };
		41834842224BEDB500948EE7 /* Incrementor.swift in Sources */ = {isa = PBXBuildFile; fileRef = 41834841224BEDB500948EE7 /* Incrementor.swift */; };
		41834845224BF28C00948EE7 /* LimitedInt.swift in Sources */ = {isa = PBXBuildFile; fileRef = 41834844224BF28C00948EE7 /* LimitedInt.swift */; };
		41834847224C048300948EE7 /* LimitedIntTests.swift in Sources */ = {isa = PBXBuildFile; fileRef = 41834846224C048300948EE7 /* LimitedIntTests.swift */; };
		41834849224C0E2C00948EE7 /* IncrementorTests.swift in Sources */ = {isa = PBXBuildFile; fileRef = 41834848224C0E2C00948EE7 /* IncrementorTests.swift */; };
/* End PBXBuildFile section */

/* Begin PBXContainerItemProxy section */
		41834833224BED8600948EE7 /* PBXContainerItemProxy */ = {
			isa = PBXContainerItemProxy;
			containerPortal = 41834816224BED8300948EE7 /* Project object */;
			proxyType = 1;
			remoteGlobalIDString = 4183481D224BED8300948EE7;
			remoteInfo = AuraTest;
		};
/* End PBXContainerItemProxy section */

/* Begin PBXFileReference section */
		4183481E224BED8300948EE7 /* AuraTest.app */ = {isa = PBXFileReference; explicitFileType = wrapper.application; includeInIndex = 0; path = AuraTest.app; sourceTree = BUILT_PRODUCTS_DIR; };
		41834821224BED8300948EE7 /* AppDelegate.swift */ = {isa = PBXFileReference; lastKnownFileType = sourcecode.swift; path = AppDelegate.swift; sourceTree = "<group>"; };
		41834823224BED8300948EE7 /* ViewController.swift */ = {isa = PBXFileReference; lastKnownFileType = sourcecode.swift; path = ViewController.swift; sourceTree = "<group>"; };
		41834826224BED8300948EE7 /* Base */ = {isa = PBXFileReference; lastKnownFileType = file.storyboard; name = Base; path = Base.lproj/Main.storyboard; sourceTree = "<group>"; };
		41834828224BED8600948EE7 /* Assets.xcassets */ = {isa = PBXFileReference; lastKnownFileType = folder.assetcatalog; path = Assets.xcassets; sourceTree = "<group>"; };
		4183482B224BED8600948EE7 /* Base */ = {isa = PBXFileReference; lastKnownFileType = file.storyboard; name = Base; path = Base.lproj/LaunchScreen.storyboard; sourceTree = "<group>"; };
		4183482D224BED8600948EE7 /* Info.plist */ = {isa = PBXFileReference; lastKnownFileType = text.plist.xml; path = Info.plist; sourceTree = "<group>"; };
		41834832224BED8600948EE7 /* AuraTestTests.xctest */ = {isa = PBXFileReference; explicitFileType = wrapper.cfbundle; includeInIndex = 0; path = AuraTestTests.xctest; sourceTree = BUILT_PRODUCTS_DIR; };
		41834838224BED8600948EE7 /* Info.plist */ = {isa = PBXFileReference; lastKnownFileType = text.plist.xml; path = Info.plist; sourceTree = "<group>"; };
		41834841224BEDB500948EE7 /* Incrementor.swift */ = {isa = PBXFileReference; lastKnownFileType = sourcecode.swift; path = Incrementor.swift; sourceTree = "<group>"; };
		41834844224BF28C00948EE7 /* LimitedInt.swift */ = {isa = PBXFileReference; lastKnownFileType = sourcecode.swift; path = LimitedInt.swift; sourceTree = "<group>"; };
		41834846224C048300948EE7 /* LimitedIntTests.swift */ = {isa = PBXFileReference; lastKnownFileType = sourcecode.swift; path = LimitedIntTests.swift; sourceTree = "<group>"; };
		41834848224C0E2C00948EE7 /* IncrementorTests.swift */ = {isa = PBXFileReference; lastKnownFileType = sourcecode.swift; path = IncrementorTests.swift; sourceTree = "<group>"; };
/* End PBXFileReference section */

/* Begin PBXFrameworksBuildPhase section */
		4183481B224BED8300948EE7 /* Frameworks */ = {
			isa = PBXFrameworksBuildPhase;
			buildActionMask = 2147483647;
			files = (
			);
			runOnlyForDeploymentPostprocessing = 0;
		};
		4183482F224BED8600948EE7 /* Frameworks */ = {
			isa = PBXFrameworksBuildPhase;
			buildActionMask = 2147483647;
			files = (
			);
			runOnlyForDeploymentPostprocessing = 0;
		};
/* End PBXFrameworksBuildPhase section */

/* Begin PBXGroup section */
		41834815224BED8300948EE7 = {
			isa = PBXGroup;
			children = (
				41834820224BED8300948EE7 /* AuraTest */,
				41834835224BED8600948EE7 /* AuraTestTests */,
				4183481F224BED8300948EE7 /* Products */,
			);
			sourceTree = "<group>";
		};
		4183481F224BED8300948EE7 /* Products */ = {
			isa = PBXGroup;
			children = (
				4183481E224BED8300948EE7 /* AuraTest.app */,
				41834832224BED8600948EE7 /* AuraTestTests.xctest */,
			);
			name = Products;
			sourceTree = "<group>";
		};
		41834820224BED8300948EE7 /* AuraTest */ = {
			isa = PBXGroup;
			children = (
				41834843224BF25C00948EE7 /* Incrementor */,
				41834821224BED8300948EE7 /* AppDelegate.swift */,
				41834823224BED8300948EE7 /* ViewController.swift */,
				41834825224BED8300948EE7 /* Main.storyboard */,
				41834828224BED8600948EE7 /* Assets.xcassets */,
				4183482A224BED8600948EE7 /* LaunchScreen.storyboard */,
				4183482D224BED8600948EE7 /* Info.plist */,
			);
			path = AuraTest;
			sourceTree = "<group>";
		};
		41834835224BED8600948EE7 /* AuraTestTests */ = {
			isa = PBXGroup;
			children = (
				41834838224BED8600948EE7 /* Info.plist */,
				41834846224C048300948EE7 /* LimitedIntTests.swift */,
				41834848224C0E2C00948EE7 /* IncrementorTests.swift */,
			);
			path = AuraTestTests;
			sourceTree = "<group>";
		};
		41834843224BF25C00948EE7 /* Incrementor */ = {
			isa = PBXGroup;
			children = (
				41834841224BEDB500948EE7 /* Incrementor.swift */,
				41834844224BF28C00948EE7 /* LimitedInt.swift */,
			);
			path = Incrementor;
			sourceTree = "<group>";
		};
/* End PBXGroup section */

/* Begin PBXNativeTarget section */
		4183481D224BED8300948EE7 /* AuraTest */ = {
			isa = PBXNativeTarget;
			buildConfigurationList = 4183483B224BED8600948EE7 /* Build configuration list for PBXNativeTarget "AuraTest" */;
			buildPhases = (
				4183481A224BED8300948EE7 /* Sources */,
				4183481B224BED8300948EE7 /* Frameworks */,
				4183481C224BED8300948EE7 /* Resources */,
			);
			buildRules = (
			);
			dependencies = (
			);
			name = AuraTest;
			productName = AuraTest;
			productReference = 4183481E224BED8300948EE7 /* AuraTest.app */;
			productType = "com.apple.product-type.application";
		};
		41834831224BED8600948EE7 /* AuraTestTests */ = {
			isa = PBXNativeTarget;
			buildConfigurationList = 4183483E224BED8600948EE7 /* Build configuration list for PBXNativeTarget "AuraTestTests" */;
			buildPhases = (
				4183482E224BED8600948EE7 /* Sources */,
				4183482F224BED8600948EE7 /* Frameworks */,
				41834830224BED8600948EE7 /* Resources */,
			);
			buildRules = (
			);
			dependencies = (
				41834834224BED8600948EE7 /* PBXTargetDependency */,
			);
			name = AuraTestTests;
			productName = AuraTestTests;
			productReference = 41834832224BED8600948EE7 /* AuraTestTests.xctest */;
			productType = "com.apple.product-type.bundle.unit-test";
		};
/* End PBXNativeTarget section */

/* Begin PBXProject section */
		41834816224BED8300948EE7 /* Project object */ = {
			isa = PBXProject;
			attributes = {
				LastSwiftUpdateCheck = 1010;
				LastUpgradeCheck = 1010;
				ORGANIZATIONNAME = deepkotix;
				TargetAttributes = {
					4183481D224BED8300948EE7 = {
						CreatedOnToolsVersion = 10.1;
					};
					41834831224BED8600948EE7 = {
						CreatedOnToolsVersion = 10.1;
						TestTargetID = 4183481D224BED8300948EE7;
					};
				};
			};
			buildConfigurationList = 41834819224BED8300948EE7 /* Build configuration list for PBXProject "AuraTest" */;
			compatibilityVersion = "Xcode 9.3";
			developmentRegion = en;
			hasScannedForEncodings = 0;
			knownRegions = (
				en,
				Base,
			);
			mainGroup = 41834815224BED8300948EE7;
			productRefGroup = 4183481F224BED8300948EE7 /* Products */;
			projectDirPath = "";
			projectRoot = "";
			targets = (
				4183481D224BED8300948EE7 /* AuraTest */,
				41834831224BED8600948EE7 /* AuraTestTests */,
			);
		};
/* End PBXProject section */

/* Begin PBXResourcesBuildPhase section */
		4183481C224BED8300948EE7 /* Resources */ = {
			isa = PBXResourcesBuildPhase;
			buildActionMask = 2147483647;
			files = (
				4183482C224BED8600948EE7 /* LaunchScreen.storyboard in Resources */,
				41834829224BED8600948EE7 /* Assets.xcassets in Resources */,
				41834827224BED8300948EE7 /* Main.storyboard in Resources */,
			);
			runOnlyForDeploymentPostprocessing = 0;
		};
		41834830224BED8600948EE7 /* Resources */ = {
			isa = PBXResourcesBuildPhase;
			buildActionMask = 2147483647;
			files = (
			);
			runOnlyForDeploymentPostprocessing = 0;
		};
/* End PBXResourcesBuildPhase section */

/* Begin PBXSourcesBuildPhase section */
		4183481A224BED8300948EE7 /* Sources */ = {
			isa = PBXSourcesBuildPhase;
			buildActionMask = 2147483647;
			files = (
				41834824224BED8300948EE7 /* ViewController.swift in Sources */,
				41834842224BEDB500948EE7 /* Incrementor.swift in Sources */,
				41834845224BF28C00948EE7 /* LimitedInt.swift in Sources */,
				41834822224BED8300948EE7 /* AppDelegate.swift in Sources */,
			);
			runOnlyForDeploymentPostprocessing = 0;
		};
		4183482E224BED8600948EE7 /* Sources */ = {
			isa = PBXSourcesBuildPhase;
			buildActionMask = 2147483647;
			files = (
				41834849224C0E2C00948EE7 /* IncrementorTests.swift in Sources */,
				41834847224C048300948EE7 /* LimitedIntTests.swift in Sources */,
			);
			runOnlyForDeploymentPostprocessing = 0;
		};
/* End PBXSourcesBuildPhase section */

/* Begin PBXTargetDependency section */
		41834834224BED8600948EE7 /* PBXTargetDependency */ = {
			isa = PBXTargetDependency;
			target = 4183481D224BED8300948EE7 /* AuraTest */;
			targetProxy = 41834833224BED8600948EE7 /* PBXContainerItemProxy */;
		};
/* End PBXTargetDependency section */

/* Begin PBXVariantGroup section */
		41834825224BED8300948EE7 /* Main.storyboard */ = {
			isa = PBXVariantGroup;
			children = (
				41834826224BED8300948EE7 /* Base */,
			);
			name = Main.storyboard;
			sourceTree = "<group>";
		};
		4183482A224BED8600948EE7 /* LaunchScreen.storyboard */ = {
			isa = PBXVariantGroup;
			children = (
				4183482B224BED8600948EE7 /* Base */,
			);
			name = LaunchScreen.storyboard;
			sourceTree = "<group>";
		};
/* End PBXVariantGroup section */

/* Begin XCBuildConfiguration section */
		41834839224BED8600948EE7 /* Debug */ = {
			isa = XCBuildConfiguration;
			buildSettings = {
				ALWAYS_SEARCH_USER_PATHS = NO;
				CLANG_ANALYZER_NONNULL = YES;
				CLANG_ANALYZER_NUMBER_OBJECT_CONVERSION = YES_AGGRESSIVE;
				CLANG_CXX_LANGUAGE_STANDARD = "gnu++14";
				CLANG_CXX_LIBRARY = "libc++";
				CLANG_ENABLE_MODULES = YES;
				CLANG_ENABLE_OBJC_ARC = YES;
				CLANG_ENABLE_OBJC_WEAK = YES;
				CLANG_WARN_BLOCK_CAPTURE_AUTORELEASING = YES;
				CLANG_WARN_BOOL_CONVERSION = YES;
				CLANG_WARN_COMMA = YES;
				CLANG_WARN_CONSTANT_CONVERSION = YES;
				CLANG_WARN_DEPRECATED_OBJC_IMPLEMENTATIONS = YES;
				CLANG_WARN_DIRECT_OBJC_ISA_USAGE = YES_ERROR;
				CLANG_WARN_DOCUMENTATION_COMMENTS = YES;
				CLANG_WARN_EMPTY_BODY = YES;
				CLANG_WARN_ENUM_CONVERSION = YES;
				CLANG_WARN_INFINITE_RECURSION = YES;
				CLANG_WARN_INT_CONVERSION = YES;
				CLANG_WARN_NON_LITERAL_NULL_CONVERSION = YES;
				CLANG_WARN_OBJC_IMPLICIT_RETAIN_SELF = YES;
				CLANG_WARN_OBJC_LITERAL_CONVERSION = YES;
				CLANG_WARN_OBJC_ROOT_CLASS = YES_ERROR;
				CLANG_WARN_RANGE_LOOP_ANALYSIS = YES;
				CLANG_WARN_STRICT_PROTOTYPES = YES;
				CLANG_WARN_SUSPICIOUS_MOVE = YES;
				CLANG_WARN_UNGUARDED_AVAILABILITY = YES_AGGRESSIVE;
				CLANG_WARN_UNREACHABLE_CODE = YES;
				CLANG_WARN__DUPLICATE_METHOD_MATCH = YES;
				CODE_SIGN_IDENTITY = "iPhone Developer";
				COPY_PHASE_STRIP = NO;
				DEBUG_INFORMATION_FORMAT = dwarf;
				ENABLE_STRICT_OBJC_MSGSEND = YES;
				ENABLE_TESTABILITY = YES;
				GCC_C_LANGUAGE_STANDARD = gnu11;
				GCC_DYNAMIC_NO_PIC = NO;
				GCC_NO_COMMON_BLOCKS = YES;
				GCC_OPTIMIZATION_LEVEL = 0;
				GCC_PREPROCESSOR_DEFINITIONS = (
					"DEBUG=1",
					"$(inherited)",
				);
				GCC_WARN_64_TO_32_BIT_CONVERSION = YES;
				GCC_WARN_ABOUT_RETURN_TYPE = YES_ERROR;
				GCC_WARN_UNDECLARED_SELECTOR = YES;
				GCC_WARN_UNINITIALIZED_AUTOS = YES_AGGRESSIVE;
				GCC_WARN_UNUSED_FUNCTION = YES;
				GCC_WARN_UNUSED_VARIABLE = YES;
				IPHONEOS_DEPLOYMENT_TARGET = 12.1;
				MTL_ENABLE_DEBUG_INFO = INCLUDE_SOURCE;
				MTL_FAST_MATH = YES;
				ONLY_ACTIVE_ARCH = YES;
				SDKROOT = iphoneos;
				SWIFT_ACTIVE_COMPILATION_CONDITIONS = DEBUG;
				SWIFT_OPTIMIZATION_LEVEL = "-Onone";
			};
			name = Debug;
		};
		4183483A224BED8600948EE7 /* Release */ = {
			isa = XCBuildConfiguration;
			buildSettings = {
				ALWAYS_SEARCH_USER_PATHS = NO;
				CLANG_ANALYZER_NONNULL = YES;
				CLANG_ANALYZER_NUMBER_OBJECT_CONVERSION = YES_AGGRESSIVE;
				CLANG_CXX_LANGUAGE_STANDARD = "gnu++14";
				CLANG_CXX_LIBRARY = "libc++";
				CLANG_ENABLE_MODULES = YES;
				CLANG_ENABLE_OBJC_ARC = YES;
				CLANG_ENABLE_OBJC_WEAK = YES;
				CLANG_WARN_BLOCK_CAPTURE_AUTORELEASING = YES;
				CLANG_WARN_BOOL_CONVERSION = YES;
				CLANG_WARN_COMMA = YES;
				CLANG_WARN_CONSTANT_CONVERSION = YES;
				CLANG_WARN_DEPRECATED_OBJC_IMPLEMENTATIONS = YES;
				CLANG_WARN_DIRECT_OBJC_ISA_USAGE = YES_ERROR;
				CLANG_WARN_DOCUMENTATION_COMMENTS = YES;
				CLANG_WARN_EMPTY_BODY = YES;
				CLANG_WARN_ENUM_CONVERSION = YES;
				CLANG_WARN_INFINITE_RECURSION = YES;
				CLANG_WARN_INT_CONVERSION = YES;
				CLANG_WARN_NON_LITERAL_NULL_CONVERSION = YES;
				CLANG_WARN_OBJC_IMPLICIT_RETAIN_SELF = YES;
				CLANG_WARN_OBJC_LITERAL_CONVERSION = YES;
				CLANG_WARN_OBJC_ROOT_CLASS = YES_ERROR;
				CLANG_WARN_RANGE_LOOP_ANALYSIS = YES;
				CLANG_WARN_STRICT_PROTOTYPES = YES;
				CLANG_WARN_SUSPICIOUS_MOVE = YES;
				CLANG_WARN_UNGUARDED_AVAILABILITY = YES_AGGRESSIVE;
				CLANG_WARN_UNREACHABLE_CODE = YES;
				CLANG_WARN__DUPLICATE_METHOD_MATCH = YES;
				CODE_SIGN_IDENTITY = "iPhone Developer";
				COPY_PHASE_STRIP = NO;
				DEBUG_INFORMATION_FORMAT = "dwarf-with-dsym";
				ENABLE_NS_ASSERTIONS = NO;
				ENABLE_STRICT_OBJC_MSGSEND = YES;
				GCC_C_LANGUAGE_STANDARD = gnu11;
				GCC_NO_COMMON_BLOCKS = YES;
				GCC_WARN_64_TO_32_BIT_CONVERSION = YES;
				GCC_WARN_ABOUT_RETURN_TYPE = YES_ERROR;
				GCC_WARN_UNDECLARED_SELECTOR = YES;
				GCC_WARN_UNINITIALIZED_AUTOS = YES_AGGRESSIVE;
				GCC_WARN_UNUSED_FUNCTION = YES;
				GCC_WARN_UNUSED_VARIABLE = YES;
				IPHONEOS_DEPLOYMENT_TARGET = 12.1;
				MTL_ENABLE_DEBUG_INFO = NO;
				MTL_FAST_MATH = YES;
				SDKROOT = iphoneos;
				SWIFT_COMPILATION_MODE = wholemodule;
				SWIFT_OPTIMIZATION_LEVEL = "-O";
				VALIDATE_PRODUCT = YES;
			};
			name = Release;
		};
		4183483C224BED8600948EE7 /* Debug */ = {
			isa = XCBuildConfiguration;
			buildSettings = {
				ASSETCATALOG_COMPILER_APPICON_NAME = AppIcon;
				CODE_SIGN_STYLE = Automatic;
				DEVELOPMENT_TEAM = 8RV4545BMW;
				INFOPLIST_FILE = AuraTest/Info.plist;
				LD_RUNPATH_SEARCH_PATHS = (
					"$(inherited)",
					"@executable_path/Frameworks",
				);
				PRODUCT_BUNDLE_IDENTIFIER = com.deepkotix.AuraTest;
				PRODUCT_NAME = "$(TARGET_NAME)";
				SWIFT_VERSION = 4.2;
				TARGETED_DEVICE_FAMILY = "1,2";
			};
			name = Debug;
		};
		4183483D224BED8600948EE7 /* Release */ = {
			isa = XCBuildConfiguration;
			buildSettings = {
				ASSETCATALOG_COMPILER_APPICON_NAME = AppIcon;
				CODE_SIGN_STYLE = Automatic;
				DEVELOPMENT_TEAM = 8RV4545BMW;
				INFOPLIST_FILE = AuraTest/Info.plist;
				LD_RUNPATH_SEARCH_PATHS = (
					"$(inherited)",
					"@executable_path/Frameworks",
				);
				PRODUCT_BUNDLE_IDENTIFIER = com.deepkotix.AuraTest;
				PRODUCT_NAME = "$(TARGET_NAME)";
				SWIFT_VERSION = 4.2;
				TARGETED_DEVICE_FAMILY = "1,2";
			};
			name = Release;
		};
		4183483F224BED8600948EE7 /* Debug */ = {
			isa = XCBuildConfiguration;
			buildSettings = {
				ALWAYS_EMBED_SWIFT_STANDARD_LIBRARIES = YES;
				BUNDLE_LOADER = "$(TEST_HOST)";
				CODE_SIGN_STYLE = Automatic;
				DEVELOPMENT_TEAM = 8RV4545BMW;
				INFOPLIST_FILE = AuraTestTests/Info.plist;
				LD_RUNPATH_SEARCH_PATHS = (
					"$(inherited)",
					"@executable_path/Frameworks",
					"@loader_path/Frameworks",
				);
				PRODUCT_BUNDLE_IDENTIFIER = com.deepkotix.AuraTestTests;
				PRODUCT_NAME = "$(TARGET_NAME)";
				SWIFT_VERSION = 4.2;
				TARGETED_DEVICE_FAMILY = "1,2";
				TEST_HOST = "$(BUILT_PRODUCTS_DIR)/AuraTest.app/AuraTest";
			};
			name = Debug;
		};
		41834840224BED8600948EE7 /* Release */ = {
			isa = XCBuildConfiguration;
			buildSettings = {
				ALWAYS_EMBED_SWIFT_STANDARD_LIBRARIES = YES;
				BUNDLE_LOADER = "$(TEST_HOST)";
				CODE_SIGN_STYLE = Automatic;
				DEVELOPMENT_TEAM = 8RV4545BMW;
				INFOPLIST_FILE = AuraTestTests/Info.plist;
				LD_RUNPATH_SEARCH_PATHS = (
					"$(inherited)",
					"@executable_path/Frameworks",
					"@loader_path/Frameworks",
				);
				PRODUCT_BUNDLE_IDENTIFIER = com.deepkotix.AuraTestTests;
				PRODUCT_NAME = "$(TARGET_NAME)";
				SWIFT_VERSION = 4.2;
				TARGETED_DEVICE_FAMILY = "1,2";
				TEST_HOST = "$(BUILT_PRODUCTS_DIR)/AuraTest.app/AuraTest";
			};
			name = Release;
		};
/* End XCBuildConfiguration section */

/* Begin XCConfigurationList section */
		41834819224BED8300948EE7 /* Build configuration list for PBXProject "AuraTest" */ = {
			isa = XCConfigurationList;
			buildConfigurations = (
				41834839224BED8600948EE7 /* Debug */,
				4183483A224BED8600948EE7 /* Release */,
			);
			defaultConfigurationIsVisible = 0;
			defaultConfigurationName = Release;
		};
		4183483B224BED8600948EE7 /* Build configuration list for PBXNativeTarget "AuraTest" */ = {
			isa = XCConfigurationList;
			buildConfigurations = (
				4183483C224BED8600948EE7 /* Debug */,
				4183483D224BED8600948EE7 /* Release */,
			);
			defaultConfigurationIsVisible = 0;
			defaultConfigurationName = Release;
		};
		4183483E224BED8600948EE7 /* Build configuration list for PBXNativeTarget "AuraTestTests" */ = {
			isa = XCConfigurationList;
			buildConfigurations = (
				4183483F224BED8600948EE7 /* Debug */,
				41834840224BED8600948EE7 /* Release */,
			);
			defaultConfigurationIsVisible = 0;
			defaultConfigurationName = Release;
		};
/* End XCConfigurationList section */
	};
	rootObject = 41834816224BED8300948EE7 /* Project object */;
}
